// !$*UTF8*$!
{
	archiveVersion = 1;
	classes = {
	};
	objectVersion = 56;
	objects = {

/* Begin PBXBuildFile section */
		73A2B9D72BF7E19200C93A2E /* NotesAppApp.swift in Sources */ = {isa = PBXBuildFile; fileRef = 73A2B9D62BF7E19200C93A2E /* NotesAppApp.swift */; };
		73A2B9DB2BF7E19400C93A2E /* Assets.xcassets in Resources */ = {isa = PBXBuildFile; fileRef = 73A2B9DA2BF7E19400C93A2E /* Assets.xcassets */; };
		73A2B9DE2BF7E19400C93A2E /* Preview Assets.xcassets in Resources */ = {isa = PBXBuildFile; fileRef = 73A2B9DD2BF7E19400C93A2E /* Preview Assets.xcassets */; };
		73A2B9E72BF7E20D00C93A2E /* Login.swift in Sources */ = {isa = PBXBuildFile; fileRef = 73A2B9E62BF7E20C00C93A2E /* Login.swift */; };
		73A2B9EA2BF7E28100C93A2E /* FirebaseAnalytics in Frameworks */ = {isa = PBXBuildFile; productRef = 73A2B9E92BF7E28100C93A2E /* FirebaseAnalytics */; };
		73A2B9EC2BF7E28100C93A2E /* FirebaseAnalyticsWithoutAdIdSupport in Frameworks */ = {isa = PBXBuildFile; productRef = 73A2B9EB2BF7E28100C93A2E /* FirebaseAnalyticsWithoutAdIdSupport */; };
		73A2B9EE2BF7E28100C93A2E /* FirebaseAuth in Frameworks */ = {isa = PBXBuildFile; productRef = 73A2B9ED2BF7E28100C93A2E /* FirebaseAuth */; };
		73A2B9F02BF7E28100C93A2E /* FirebaseDatabase in Frameworks */ = {isa = PBXBuildFile; productRef = 73A2B9EF2BF7E28100C93A2E /* FirebaseDatabase */; };
		73A2B9F22BF7E28100C93A2E /* FirebaseDatabaseSwift in Frameworks */ = {isa = PBXBuildFile; productRef = 73A2B9F12BF7E28100C93A2E /* FirebaseDatabaseSwift */; };
		73A2B9F52BF7E35400C93A2E /* GoogleService-Info.plist in Resources */ = {isa = PBXBuildFile; fileRef = 73A2B9F42BF7E35400C93A2E /* GoogleService-Info.plist */; };
		73A2B9F72BF7E59500C93A2E /* MainView.swift in Sources */ = {isa = PBXBuildFile; fileRef = 73A2B9F62BF7E59500C93A2E /* MainView.swift */; };
		73A2B9F92BF7E5D000C93A2E /* AddNote.swift in Sources */ = {isa = PBXBuildFile; fileRef = 73A2B9F82BF7E5D000C93A2E /* AddNote.swift */; };
		73A2B9FB2BF7E5EC00C93A2E /* Notes.swift in Sources */ = {isa = PBXBuildFile; fileRef = 73A2B9FA2BF7E5EC00C93A2E /* Notes.swift */; };
		73A2B9FD2BF7E60300C93A2E /* SavedNotes.swift in Sources */ = {isa = PBXBuildFile; fileRef = 73A2B9FC2BF7E60300C93A2E /* SavedNotes.swift */; };
		73A2BA012BF7EB4200C93A2E /* AddNoteViewModel.swift in Sources */ = {isa = PBXBuildFile; fileRef = 73A2BA002BF7EB4200C93A2E /* AddNoteViewModel.swift */; };
		73A2BA032BF7FBCF00C93A2E /* AuthManager.swift in Sources */ = {isa = PBXBuildFile; fileRef = 73A2BA022BF7FBCF00C93A2E /* AuthManager.swift */; };
		73A2BA052BF8006000C93A2E /* NoteRow.swift in Sources */ = {isa = PBXBuildFile; fileRef = 73A2BA042BF8006000C93A2E /* NoteRow.swift */; };
/* End PBXBuildFile section */

/* Begin PBXFileReference section */
		73A2B9D32BF7E19200C93A2E /* NotesApp.app */ = {isa = PBXFileReference; explicitFileType = wrapper.application; includeInIndex = 0; path = NotesApp.app; sourceTree = BUILT_PRODUCTS_DIR; };
		73A2B9D62BF7E19200C93A2E /* NotesAppApp.swift */ = {isa = PBXFileReference; lastKnownFileType = sourcecode.swift; path = NotesAppApp.swift; sourceTree = "<group>"; };
		73A2B9DA2BF7E19400C93A2E /* Assets.xcassets */ = {isa = PBXFileReference; lastKnownFileType = folder.assetcatalog; path = Assets.xcassets; sourceTree = "<group>"; };
		73A2B9DD2BF7E19400C93A2E /* Preview Assets.xcassets */ = {isa = PBXFileReference; lastKnownFileType = folder.assetcatalog; path = "Preview Assets.xcassets"; sourceTree = "<group>"; };
		73A2B9E62BF7E20C00C93A2E /* Login.swift */ = {isa = PBXFileReference; lastKnownFileType = sourcecode.swift; path = Login.swift; sourceTree = "<group>"; };
		73A2B9F42BF7E35400C93A2E /* GoogleService-Info.plist */ = {isa = PBXFileReference; fileEncoding = 4; lastKnownFileType = text.plist.xml; path = "GoogleService-Info.plist"; sourceTree = "<group>"; };
		73A2B9F62BF7E59500C93A2E /* MainView.swift */ = {isa = PBXFileReference; lastKnownFileType = sourcecode.swift; path = MainView.swift; sourceTree = "<group>"; };
		73A2B9F82BF7E5D000C93A2E /* AddNote.swift */ = {isa = PBXFileReference; lastKnownFileType = sourcecode.swift; path = AddNote.swift; sourceTree = "<group>"; };
		73A2B9FA2BF7E5EC00C93A2E /* Notes.swift */ = {isa = PBXFileReference; lastKnownFileType = sourcecode.swift; path = Notes.swift; sourceTree = "<group>"; };
		73A2B9FC2BF7E60300C93A2E /* SavedNotes.swift */ = {isa = PBXFileReference; lastKnownFileType = sourcecode.swift; path = SavedNotes.swift; sourceTree = "<group>"; };
		73A2BA002BF7EB4200C93A2E /* AddNoteViewModel.swift */ = {isa = PBXFileReference; lastKnownFileType = sourcecode.swift; path = AddNoteViewModel.swift; sourceTree = "<group>"; };
		73A2BA022BF7FBCF00C93A2E /* AuthManager.swift */ = {isa = PBXFileReference; lastKnownFileType = sourcecode.swift; path = AuthManager.swift; sourceTree = "<group>"; };
		73A2BA042BF8006000C93A2E /* NoteRow.swift */ = {isa = PBXFileReference; lastKnownFileType = sourcecode.swift; path = NoteRow.swift; sourceTree = "<group>"; };
/* End PBXFileReference section */

/* Begin PBXFrameworksBuildPhase section */
		73A2B9D02BF7E19200C93A2E /* Frameworks */ = {
			isa = PBXFrameworksBuildPhase;
			buildActionMask = 2147483647;
			files = (
				73A2B9F22BF7E28100C93A2E /* FirebaseDatabaseSwift in Frameworks */,
				73A2B9EA2BF7E28100C93A2E /* FirebaseAnalytics in Frameworks */,
				73A2B9EE2BF7E28100C93A2E /* FirebaseAuth in Frameworks */,
				73A2B9F02BF7E28100C93A2E /* FirebaseDatabase in Frameworks */,
				73A2B9EC2BF7E28100C93A2E /* FirebaseAnalyticsWithoutAdIdSupport in Frameworks */,
			);
			runOnlyForDeploymentPostprocessing = 0;
		};
/* End PBXFrameworksBuildPhase section */

/* Begin PBXGroup section */
		73A2B9CA2BF7E19200C93A2E = {
			isa = PBXGroup;
			children = (
				73A2B9D52BF7E19200C93A2E /* NotesApp */,
				73A2B9D42BF7E19200C93A2E /* Products */,
			);
			sourceTree = "<group>";
		};
		73A2B9D42BF7E19200C93A2E /* Products */ = {
			isa = PBXGroup;
			children = (
				73A2B9D32BF7E19200C93A2E /* NotesApp.app */,
			);
			name = Products;
			sourceTree = "<group>";
		};
		73A2B9D52BF7E19200C93A2E /* NotesApp */ = {
			isa = PBXGroup;
			children = (
				73A2B9F32BF7E34800C93A2E /* Resource */,
				73A2B9D62BF7E19200C93A2E /* NotesAppApp.swift */,
				73A2B9E52BF7E1EA00C93A2E /* Model */,
				73A2B9E42BF7E1E300C93A2E /* View */,
				73A2B9DA2BF7E19400C93A2E /* Assets.xcassets */,
				73A2B9DC2BF7E19400C93A2E /* Preview Content */,
			);
			path = NotesApp;
			sourceTree = "<group>";
		};
		73A2B9DC2BF7E19400C93A2E /* Preview Content */ = {
			isa = PBXGroup;
			children = (
				73A2B9DD2BF7E19400C93A2E /* Preview Assets.xcassets */,
			);
			path = "Preview Content";
			sourceTree = "<group>";
		};
		73A2B9E42BF7E1E300C93A2E /* View */ = {
			isa = PBXGroup;
			children = (
				73A2B9E62BF7E20C00C93A2E /* Login.swift */,
				73A2B9F62BF7E59500C93A2E /* MainView.swift */,
				73A2B9F82BF7E5D000C93A2E /* AddNote.swift */,
				73A2BA002BF7EB4200C93A2E /* AddNoteViewModel.swift */,
				73A2B9FA2BF7E5EC00C93A2E /* Notes.swift */,
				73A2B9FC2BF7E60300C93A2E /* SavedNotes.swift */,
				73A2BA042BF8006000C93A2E /* NoteRow.swift */,
			);
			path = View;
			sourceTree = "<group>";
		};
		73A2B9E52BF7E1EA00C93A2E /* Model */ = {
			isa = PBXGroup;
			children = (
			);
			path = Model;
			sourceTree = "<group>";
		};
		73A2B9F32BF7E34800C93A2E /* Resource */ = {
			isa = PBXGroup;
			children = (
				73A2B9F42BF7E35400C93A2E /* GoogleService-Info.plist */,
				73A2BA022BF7FBCF00C93A2E /* AuthManager.swift */,
			);
			path = Resource;
			sourceTree = "<group>";
		};
/* End PBXGroup section */

/* Begin PBXNativeTarget section */
		73A2B9D22BF7E19200C93A2E /* NotesApp */ = {
			isa = PBXNativeTarget;
			buildConfigurationList = 73A2B9E12BF7E19400C93A2E /* Build configuration list for PBXNativeTarget "NotesApp" */;
			buildPhases = (
				73A2B9CF2BF7E19200C93A2E /* Sources */,
				73A2B9D02BF7E19200C93A2E /* Frameworks */,
				73A2B9D12BF7E19200C93A2E /* Resources */,
			);
			buildRules = (
			);
			dependencies = (
			);
			name = NotesApp;
			packageProductDependencies = (
				73A2B9E92BF7E28100C93A2E /* FirebaseAnalytics */,
				73A2B9EB2BF7E28100C93A2E /* FirebaseAnalyticsWithoutAdIdSupport */,
				73A2B9ED2BF7E28100C93A2E /* FirebaseAuth */,
				73A2B9EF2BF7E28100C93A2E /* FirebaseDatabase */,
				73A2B9F12BF7E28100C93A2E /* FirebaseDatabaseSwift */,
			);
			productName = NotesApp;
			productReference = 73A2B9D32BF7E19200C93A2E /* NotesApp.app */;
			productType = "com.apple.product-type.application";
		};
/* End PBXNativeTarget section */

/* Begin PBXProject section */
		73A2B9CB2BF7E19200C93A2E /* Project object */ = {
			isa = PBXProject;
			attributes = {
				BuildIndependentTargetsInParallel = 1;
				LastSwiftUpdateCheck = 1530;
				LastUpgradeCheck = 1530;
				TargetAttributes = {
					73A2B9D22BF7E19200C93A2E = {
						CreatedOnToolsVersion = 15.3;
					};
				};
			};
			buildConfigurationList = 73A2B9CE2BF7E19200C93A2E /* Build configuration list for PBXProject "NotesApp" */;
			compatibilityVersion = "Xcode 14.0";
			developmentRegion = en;
			hasScannedForEncodings = 0;
			knownRegions = (
				en,
				Base,
			);
			mainGroup = 73A2B9CA2BF7E19200C93A2E;
			packageReferences = (
				73A2B9E82BF7E28100C93A2E /* XCRemoteSwiftPackageReference "firebase-ios-sdk" */,
			);
			productRefGroup = 73A2B9D42BF7E19200C93A2E /* Products */;
			projectDirPath = "";
			projectRoot = "";
			targets = (
				73A2B9D22BF7E19200C93A2E /* NotesApp */,
			);
		};
/* End PBXProject section */

/* Begin PBXResourcesBuildPhase section */
		73A2B9D12BF7E19200C93A2E /* Resources */ = {
			isa = PBXResourcesBuildPhase;
			buildActionMask = 2147483647;
			files = (
				73A2B9DE2BF7E19400C93A2E /* Preview Assets.xcassets in Resources */,
				73A2B9DB2BF7E19400C93A2E /* Assets.xcassets in Resources */,
				73A2B9F52BF7E35400C93A2E /* GoogleService-Info.plist in Resources */,
			);
			runOnlyForDeploymentPostprocessing = 0;
		};
/* End PBXResourcesBuildPhase section */

/* Begin PBXSourcesBuildPhase section */
		73A2B9CF2BF7E19200C93A2E /* Sources */ = {
			isa = PBXSourcesBuildPhase;
			buildActionMask = 2147483647;
			files = (
				73A2B9F92BF7E5D000C93A2E /* AddNote.swift in Sources */,
				73A2BA032BF7FBCF00C93A2E /* AuthManager.swift in Sources */,
				73A2B9E72BF7E20D00C93A2E /* Login.swift in Sources */,
				73A2B9F72BF7E59500C93A2E /* MainView.swift in Sources */,
				73A2B9FD2BF7E60300C93A2E /* SavedNotes.swift in Sources */,
				73A2BA012BF7EB4200C93A2E /* AddNoteViewModel.swift in Sources */,
				73A2BA052BF8006000C93A2E /* NoteRow.swift in Sources */,
				73A2B9D72BF7E19200C93A2E /* NotesAppApp.swift in Sources */,
				73A2B9FB2BF7E5EC00C93A2E /* Notes.swift in Sources */,
			);
			runOnlyForDeploymentPostprocessing = 0;
		};
/* End PBXSourcesBuildPhase section */

/* Begin XCBuildConfiguration section */
		73A2B9DF2BF7E19400C93A2E /* Debug */ = {
			isa = XCBuildConfiguration;
			buildSettings = {
				ALWAYS_SEARCH_USER_PATHS = NO;
				ASSETCATALOG_COMPILER_GENERATE_SWIFT_ASSET_SYMBOL_EXTENSIONS = YES;
				CLANG_ANALYZER_NONNULL = YES;
				CLANG_ANALYZER_NUMBER_OBJECT_CONVERSION = YES_AGGRESSIVE;
				CLANG_CXX_LANGUAGE_STANDARD = "gnu++20";
				CLANG_ENABLE_MODULES = YES;
				CLANG_ENABLE_OBJC_ARC = YES;
				CLANG_ENABLE_OBJC_WEAK = YES;
				CLANG_WARN_BLOCK_CAPTURE_AUTORELEASING = YES;
				CLANG_WARN_BOOL_CONVERSION = YES;
				CLANG_WARN_COMMA = YES;
				CLANG_WARN_CONSTANT_CONVERSION = YES;
				CLANG_WARN_DEPRECATED_OBJC_IMPLEMENTATIONS = YES;
				CLANG_WARN_DIRECT_OBJC_ISA_USAGE = YES_ERROR;
				CLANG_WARN_DOCUMENTATION_COMMENTS = YES;
				CLANG_WARN_EMPTY_BODY = YES;
				CLANG_WARN_ENUM_CONVERSION = YES;
				CLANG_WARN_INFINITE_RECURSION = YES;
				CLANG_WARN_INT_CONVERSION = YES;
				CLANG_WARN_NON_LITERAL_NULL_CONVERSION = YES;
				CLANG_WARN_OBJC_IMPLICIT_RETAIN_SELF = YES;
				CLANG_WARN_OBJC_LITERAL_CONVERSION = YES;
				CLANG_WARN_OBJC_ROOT_CLASS = YES_ERROR;
				CLANG_WARN_QUOTED_INCLUDE_IN_FRAMEWORK_HEADER = YES;
				CLANG_WARN_RANGE_LOOP_ANALYSIS = YES;
				CLANG_WARN_STRICT_PROTOTYPES = YES;
				CLANG_WARN_SUSPICIOUS_MOVE = YES;
				CLANG_WARN_UNGUARDED_AVAILABILITY = YES_AGGRESSIVE;
				CLANG_WARN_UNREACHABLE_CODE = YES;
				CLANG_WARN__DUPLICATE_METHOD_MATCH = YES;
				COPY_PHASE_STRIP = NO;
				DEBUG_INFORMATION_FORMAT = dwarf;
				ENABLE_STRICT_OBJC_MSGSEND = YES;
				ENABLE_TESTABILITY = YES;
				ENABLE_USER_SCRIPT_SANDBOXING = YES;
				GCC_C_LANGUAGE_STANDARD = gnu17;
				GCC_DYNAMIC_NO_PIC = NO;
				GCC_NO_COMMON_BLOCKS = YES;
				GCC_OPTIMIZATION_LEVEL = 0;
				GCC_PREPROCESSOR_DEFINITIONS = (
					"DEBUG=1",
					"$(inherited)",
				);
				GCC_WARN_64_TO_32_BIT_CONVERSION = YES;
				GCC_WARN_ABOUT_RETURN_TYPE = YES_ERROR;
				GCC_WARN_UNDECLARED_SELECTOR = YES;
				GCC_WARN_UNINITIALIZED_AUTOS = YES_AGGRESSIVE;
				GCC_WARN_UNUSED_FUNCTION = YES;
				GCC_WARN_UNUSED_VARIABLE = YES;
				IPHONEOS_DEPLOYMENT_TARGET = 17.4;
				LOCALIZATION_PREFERS_STRING_CATALOGS = YES;
				MTL_ENABLE_DEBUG_INFO = INCLUDE_SOURCE;
				MTL_FAST_MATH = YES;
				ONLY_ACTIVE_ARCH = YES;
				SDKROOT = iphoneos;
				SWIFT_ACTIVE_COMPILATION_CONDITIONS = "DEBUG $(inherited)";
				SWIFT_OPTIMIZATION_LEVEL = "-Onone";
			};
			name = Debug;
		};
		73A2B9E02BF7E19400C93A2E /* Release */ = {
			isa = XCBuildConfiguration;
			buildSettings = {
				ALWAYS_SEARCH_USER_PATHS = NO;
				ASSETCATALOG_COMPILER_GENERATE_SWIFT_ASSET_SYMBOL_EXTENSIONS = YES;
				CLANG_ANALYZER_NONNULL = YES;
				CLANG_ANALYZER_NUMBER_OBJECT_CONVERSION = YES_AGGRESSIVE;
				CLANG_CXX_LANGUAGE_STANDARD = "gnu++20";
				CLANG_ENABLE_MODULES = YES;
				CLANG_ENABLE_OBJC_ARC = YES;
				CLANG_ENABLE_OBJC_WEAK = YES;
				CLANG_WARN_BLOCK_CAPTURE_AUTORELEASING = YES;
				CLANG_WARN_BOOL_CONVERSION = YES;
				CLANG_WARN_COMMA = YES;
				CLANG_WARN_CONSTANT_CONVERSION = YES;
				CLANG_WARN_DEPRECATED_OBJC_IMPLEMENTATIONS = YES;
				CLANG_WARN_DIRECT_OBJC_ISA_USAGE = YES_ERROR;
				CLANG_WARN_DOCUMENTATION_COMMENTS = YES;
				CLANG_WARN_EMPTY_BODY = YES;
				CLANG_WARN_ENUM_CONVERSION = YES;
				CLANG_WARN_INFINITE_RECURSION = YES;
				CLANG_WARN_INT_CONVERSION = YES;
				CLANG_WARN_NON_LITERAL_NULL_CONVERSION = YES;
				CLANG_WARN_OBJC_IMPLICIT_RETAIN_SELF = YES;
				CLANG_WARN_OBJC_LITERAL_CONVERSION = YES;
				CLANG_WARN_OBJC_ROOT_CLASS = YES_ERROR;
				CLANG_WARN_QUOTED_INCLUDE_IN_FRAMEWORK_HEADER = YES;
				CLANG_WARN_RANGE_LOOP_ANALYSIS = YES;
				CLANG_WARN_STRICT_PROTOTYPES = YES;
				CLANG_WARN_SUSPICIOUS_MOVE = YES;
				CLANG_WARN_UNGUARDED_AVAILABILITY = YES_AGGRESSIVE;
				CLANG_WARN_UNREACHABLE_CODE = YES;
				CLANG_WARN__DUPLICATE_METHOD_MATCH = YES;
				COPY_PHASE_STRIP = NO;
				DEBUG_INFORMATION_FORMAT = "dwarf-with-dsym";
				ENABLE_NS_ASSERTIONS = NO;
				ENABLE_STRICT_OBJC_MSGSEND = YES;
				ENABLE_USER_SCRIPT_SANDBOXING = YES;
				GCC_C_LANGUAGE_STANDARD = gnu17;
				GCC_NO_COMMON_BLOCKS = YES;
				GCC_WARN_64_TO_32_BIT_CONVERSION = YES;
				GCC_WARN_ABOUT_RETURN_TYPE = YES_ERROR;
				GCC_WARN_UNDECLARED_SELECTOR = YES;
				GCC_WARN_UNINITIALIZED_AUTOS = YES_AGGRESSIVE;
				GCC_WARN_UNUSED_FUNCTION = YES;
				GCC_WARN_UNUSED_VARIABLE = YES;
				IPHONEOS_DEPLOYMENT_TARGET = 17.4;
				LOCALIZATION_PREFERS_STRING_CATALOGS = YES;
				MTL_ENABLE_DEBUG_INFO = NO;
				MTL_FAST_MATH = YES;
				SDKROOT = iphoneos;
				SWIFT_COMPILATION_MODE = wholemodule;
				VALIDATE_PRODUCT = YES;
			};
			name = Release;
		};
		73A2B9E22BF7E19400C93A2E /* Debug */ = {
			isa = XCBuildConfiguration;
			buildSettings = {
				ASSETCATALOG_COMPILER_APPICON_NAME = AppIcon;
				ASSETCATALOG_COMPILER_GLOBAL_ACCENT_COLOR_NAME = AccentColor;
				CODE_SIGN_STYLE = Automatic;
				CURRENT_PROJECT_VERSION = 1;
				DEVELOPMENT_ASSET_PATHS = "\"NotesApp/Preview Content\"";
				DEVELOPMENT_TEAM = 5GY996S52U;
				ENABLE_PREVIEWS = YES;
				GENERATE_INFOPLIST_FILE = YES;
				INFOPLIST_KEY_UIApplicationSceneManifest_Generation = YES;
				INFOPLIST_KEY_UIApplicationSupportsIndirectInputEvents = YES;
				INFOPLIST_KEY_UILaunchScreen_Generation = YES;
				INFOPLIST_KEY_UISupportedInterfaceOrientations_iPad = "UIInterfaceOrientationPortrait UIInterfaceOrientationPortraitUpsideDown UIInterfaceOrientationLandscapeLeft UIInterfaceOrientationLandscapeRight";
				INFOPLIST_KEY_UISupportedInterfaceOrientations_iPhone = "UIInterfaceOrientationPortrait UIInterfaceOrientationLandscapeLeft UIInterfaceOrientationLandscapeRight";
				LD_RUNPATH_SEARCH_PATHS = (
					"$(inherited)",
					"@executable_path/Frameworks",
				);
				MARKETING_VERSION = 1.0;
				PRODUCT_BUNDLE_IDENTIFIER = "Lap-Personal.NotesApp";
				PRODUCT_NAME = "$(TARGET_NAME)";
				SWIFT_EMIT_LOC_STRINGS = YES;
				SWIFT_VERSION = 5.0;
				TARGETED_DEVICE_FAMILY = "1,2";
			};
			name = Debug;
		};
		73A2B9E32BF7E19400C93A2E /* Release */ = {
			isa = XCBuildConfiguration;
			buildSettings = {
				ASSETCATALOG_COMPILER_APPICON_NAME = AppIcon;
				ASSETCATALOG_COMPILER_GLOBAL_ACCENT_COLOR_NAME = AccentColor;
				CODE_SIGN_STYLE = Automatic;
				CURRENT_PROJECT_VERSION = 1;
				DEVELOPMENT_ASSET_PATHS = "\"NotesApp/Preview Content\"";
				DEVELOPMENT_TEAM = 5GY996S52U;
				ENABLE_PREVIEWS = YES;
				GENERATE_INFOPLIST_FILE = YES;
				INFOPLIST_KEY_UIApplicationSceneManifest_Generation = YES;
				INFOPLIST_KEY_UIApplicationSupportsIndirectInputEvents = YES;
				INFOPLIST_KEY_UILaunchScreen_Generation = YES;
				INFOPLIST_KEY_UISupportedInterfaceOrientations_iPad = "UIInterfaceOrientationPortrait UIInterfaceOrientationPortraitUpsideDown UIInterfaceOrientationLandscapeLeft UIInterfaceOrientationLandscapeRight";
				INFOPLIST_KEY_UISupportedInterfaceOrientations_iPhone = "UIInterfaceOrientationPortrait UIInterfaceOrientationLandscapeLeft UIInterfaceOrientationLandscapeRight";
				LD_RUNPATH_SEARCH_PATHS = (
					"$(inherited)",
					"@executable_path/Frameworks",
				);
				MARKETING_VERSION = 1.0;
				PRODUCT_BUNDLE_IDENTIFIER = "Lap-Personal.NotesApp";
				PRODUCT_NAME = "$(TARGET_NAME)";
				SWIFT_EMIT_LOC_STRINGS = YES;
				SWIFT_VERSION = 5.0;
				TARGETED_DEVICE_FAMILY = "1,2";
			};
			name = Release;
		};
/* End XCBuildConfiguration section */

/* Begin XCConfigurationList section */
		73A2B9CE2BF7E19200C93A2E /* Build configuration list for PBXProject "NotesApp" */ = {
			isa = XCConfigurationList;
			buildConfigurations = (
				73A2B9DF2BF7E19400C93A2E /* Debug */,
				73A2B9E02BF7E19400C93A2E /* Release */,
			);
			defaultConfigurationIsVisible = 0;
			defaultConfigurationName = Release;
		};
		73A2B9E12BF7E19400C93A2E /* Build configuration list for PBXNativeTarget "NotesApp" */ = {
			isa = XCConfigurationList;
			buildConfigurations = (
				73A2B9E22BF7E19400C93A2E /* Debug */,
				73A2B9E32BF7E19400C93A2E /* Release */,
			);
			defaultConfigurationIsVisible = 0;
			defaultConfigurationName = Release;
		};
/* End XCConfigurationList section */

/* Begin XCRemoteSwiftPackageReference section */
		73A2B9E82BF7E28100C93A2E /* XCRemoteSwiftPackageReference "firebase-ios-sdk" */ = {
			isa = XCRemoteSwiftPackageReference;
			repositoryURL = "https://github.com/firebase/firebase-ios-sdk";
			requirement = {
				kind = upToNextMajorVersion;
				minimumVersion = 10.26.0;
			};
		};
/* End XCRemoteSwiftPackageReference section */

/* Begin XCSwiftPackageProductDependency section */
		73A2B9E92BF7E28100C93A2E /* FirebaseAnalytics */ = {
			isa = XCSwiftPackageProductDependency;
			package = 73A2B9E82BF7E28100C93A2E /* XCRemoteSwiftPackageReference "firebase-ios-sdk" */;
			productName = FirebaseAnalytics;
		};
		73A2B9EB2BF7E28100C93A2E /* FirebaseAnalyticsWithoutAdIdSupport */ = {
			isa = XCSwiftPackageProductDependency;
			package = 73A2B9E82BF7E28100C93A2E /* XCRemoteSwiftPackageReference "firebase-ios-sdk" */;
			productName = FirebaseAnalyticsWithoutAdIdSupport;
		};
		73A2B9ED2BF7E28100C93A2E /* FirebaseAuth */ = {
			isa = XCSwiftPackageProductDependency;
			package = 73A2B9E82BF7E28100C93A2E /* XCRemoteSwiftPackageReference "firebase-ios-sdk" */;
			productName = FirebaseAuth;
		};
		73A2B9EF2BF7E28100C93A2E /* FirebaseDatabase */ = {
			isa = XCSwiftPackageProductDependency;
			package = 73A2B9E82BF7E28100C93A2E /* XCRemoteSwiftPackageReference "firebase-ios-sdk" */;
			productName = FirebaseDatabase;
		};
		73A2B9F12BF7E28100C93A2E /* FirebaseDatabaseSwift */ = {
			isa = XCSwiftPackageProductDependency;
			package = 73A2B9E82BF7E28100C93A2E /* XCRemoteSwiftPackageReference "firebase-ios-sdk" */;
			productName = FirebaseDatabaseSwift;
		};
/* End XCSwiftPackageProductDependency section */
	};
	rootObject = 73A2B9CB2BF7E19200C93A2E /* Project object */;
}
